
Microsoft Visual Studio Solution File, Format Version 12.00
# Visual Studio 15
VisualStudioVersion = 15.0.27004.2006
MinimumVisualStudioVersion = 10.0.40219.1
Project("{FAE04EC0-301F-11D3-BF4B-00C04F79EFBC}") = "test.html", "test.html\test.html.csproj", "{D7E9A259-8804-4404-9C0F-57922FC7B9C1}"
EndProject
Global
	GlobalSection(SolutionConfigurationPlatforms) = preSolution
		Debug|Any CPU = Debug|Any CPU
		Release|Any CPU = Release|Any CPU
	EndGlobalSection
	GlobalSection(ProjectConfigurationPlatforms) = postSolution
		{D7E9A259-8804-4404-9C0F-57922FC7B9C1}.Debug|Any CPU.ActiveCfg = Debug|Any CPU
		{D7E9A259-8804-4404-9C0F-57922FC7B9C1}.Debug|Any CPU.Build.0 = Debug|Any CPU
		{D7E9A259-8804-4404-9C0F-57922FC7B9C1}.Release|Any CPU.ActiveCfg = Release|Any CPU
		{D7E9A259-8804-4404-9C0F-57922FC7B9C1}.Release|Any CPU.Build.0 = Release|Any CPU
	EndGlobalSection
	GlobalSection(SolutionProperties) = preSolution
		HideSolutionNode = FALSE
	EndGlobalSection
	GlobalSection(ExtensibilityGlobals) = postSolution
		SolutionGuid = {8ED530B3-D5C0-4F31-84A1-8A548EAD236F}
	EndGlobalSection
EndGlobal
