
Microsoft Visual Studio Solution File, Format Version 12.00
# Visual Studio 15
VisualStudioVersion = 15.0.27004.2006
MinimumVisualStudioVersion = 10.0.40219.1
Project("{E24C65DC-7377-472B-9ABA-BC803B73C61A}") = "VisualStudioWebsite", "..\..\VisualStudioWebsite\", "{0332AA77-B3CA-4BC9-968B-7A435876AA9A}"
	ProjectSection(WebsiteProperties) = preProject
		TargetFrameworkMoniker = ".NETFramework,Version%3Dv4.6.1"
		Debug.AspNetCompiler.VirtualPath = "/localhost_65038"
		Debug.AspNetCompiler.PhysicalPath = "..\..\VisualStudioWebsite\"
		Debug.AspNetCompiler.TargetPath = "PrecompiledWeb\localhost_65038\"
		Debug.AspNetCompiler.Updateable = "true"
		Debug.AspNetCompiler.ForceOverwrite = "true"
		Debug.AspNetCompiler.FixedNames = "false"
		Debug.AspNetCompiler.Debug = "True"
		Release.AspNetCompiler.VirtualPath = "/localhost_65038"
		Release.AspNetCompiler.PhysicalPath = "..\..\VisualStudioWebsite\"
		Release.AspNetCompiler.TargetPath = "PrecompiledWeb\localhost_65038\"
		Release.AspNetCompiler.Updateable = "true"
		Release.AspNetCompiler.ForceOverwrite = "true"
		Release.AspNetCompiler.FixedNames = "false"
		Release.AspNetCompiler.Debug = "False"
		VWDPort = "65038"
		SlnRelativePath = "..\..\VisualStudioWebsite\"
		DefaultWebSiteLanguage = "Visual C#"
	EndProjectSection
EndProject
Global
	GlobalSection(SolutionConfigurationPlatforms) = preSolution
		Debug|Any CPU = Debug|Any CPU
	EndGlobalSection
	GlobalSection(ProjectConfigurationPlatforms) = postSolution
		{0332AA77-B3CA-4BC9-968B-7A435876AA9A}.Debug|Any CPU.ActiveCfg = Debug|Any CPU
		{0332AA77-B3CA-4BC9-968B-7A435876AA9A}.Debug|Any CPU.Build.0 = Debug|Any CPU
	EndGlobalSection
	GlobalSection(SolutionProperties) = preSolution
		HideSolutionNode = FALSE
	EndGlobalSection
	GlobalSection(ExtensibilityGlobals) = postSolution
		SolutionGuid = {42D68F41-0A81-41CB-852F-867A03C48793}
	EndGlobalSection
EndGlobal
