
Microsoft Visual Studio Solution File, Format Version 12.00
# Visual Studio 15
VisualStudioVersion = 15.0.27004.2006
MinimumVisualStudioVersion = 10.0.40219.1
Project("{FAE04EC0-301F-11D3-BF4B-00C04F79EFBC}") = "MyWebpage", "MyWebpage\MyWebpage.csproj", "{8C9D213E-2658-483A-8F59-90B2B0DB0C69}"
EndProject
Global
	GlobalSection(SolutionConfigurationPlatforms) = preSolution
		Debug|Any CPU = Debug|Any CPU
		Release|Any CPU = Release|Any CPU
	EndGlobalSection
	GlobalSection(ProjectConfigurationPlatforms) = postSolution
		{8C9D213E-2658-483A-8F59-90B2B0DB0C69}.Debug|Any CPU.ActiveCfg = Debug|Any CPU
		{8C9D213E-2658-483A-8F59-90B2B0DB0C69}.Debug|Any CPU.Build.0 = Debug|Any CPU
		{8C9D213E-2658-483A-8F59-90B2B0DB0C69}.Release|Any CPU.ActiveCfg = Release|Any CPU
		{8C9D213E-2658-483A-8F59-90B2B0DB0C69}.Release|Any CPU.Build.0 = Release|Any CPU
	EndGlobalSection
	GlobalSection(SolutionProperties) = preSolution
		HideSolutionNode = FALSE
	EndGlobalSection
	GlobalSection(ExtensibilityGlobals) = postSolution
		SolutionGuid = {87E6643E-F917-4AF2-A470-4E0F1239C2F9}
	EndGlobalSection
EndGlobal
